// !$*UTF8*$!
{
	archiveVersion = 1;
	classes = {
	};
	objectVersion = 50;
	objects = {

/* Begin PBXBuildFile section */
		CC4F79BF22BD4E9E00EA7B6F /* AppDelegate.swift in Sources */ = {isa = PBXBuildFile; fileRef = CC4F79BE22BD4E9E00EA7B6F /* AppDelegate.swift */; };
		CC4F79C122BD4E9E00EA7B6F /* ViewController.swift in Sources */ = {isa = PBXBuildFile; fileRef = CC4F79C022BD4E9E00EA7B6F /* ViewController.swift */; };
		CC4F79C422BD4E9E00EA7B6F /* Main.storyboard in Resources */ = {isa = PBXBuildFile; fileRef = CC4F79C222BD4E9E00EA7B6F /* Main.storyboard */; };
		CC4F79C622BD4E9F00EA7B6F /* Assets.xcassets in Resources */ = {isa = PBXBuildFile; fileRef = CC4F79C522BD4E9F00EA7B6F /* Assets.xcassets */; };
		CC4F79C922BD4E9F00EA7B6F /* LaunchScreen.storyboard in Resources */ = {isa = PBXBuildFile; fileRef = CC4F79C722BD4E9F00EA7B6F /* LaunchScreen.storyboard */; };
		CC4F79D422BD4E9F00EA7B6F /* test_GithubTests.swift in Sources */ = {isa = PBXBuildFile; fileRef = CC4F79D322BD4E9F00EA7B6F /* test_GithubTests.swift */; };
		CC4F79DF22BD4E9F00EA7B6F /* test_GithubUITests.swift in Sources */ = {isa = PBXBuildFile; fileRef = CC4F79DE22BD4E9F00EA7B6F /* test_GithubUITests.swift */; };
/* End PBXBuildFile section */

/* Begin PBXContainerItemProxy section */
		CC4F79D022BD4E9F00EA7B6F /* PBXContainerItemProxy */ = {
			isa = PBXContainerItemProxy;
			containerPortal = CC4F79B322BD4E9E00EA7B6F /* Project object */;
			proxyType = 1;
			remoteGlobalIDString = CC4F79BA22BD4E9E00EA7B6F;
			remoteInfo = "test Github";
		};
		CC4F79DB22BD4E9F00EA7B6F /* PBXContainerItemProxy */ = {
			isa = PBXContainerItemProxy;
			containerPortal = CC4F79B322BD4E9E00EA7B6F /* Project object */;
			proxyType = 1;
			remoteGlobalIDString = CC4F79BA22BD4E9E00EA7B6F;
			remoteInfo = "test Github";
		};
/* End PBXContainerItemProxy section */

/* Begin PBXFileReference section */
		CC4F79BB22BD4E9E00EA7B6F /* test Github.app */ = {isa = PBXFileReference; explicitFileType = wrapper.application; includeInIndex = 0; path = "test Github.app"; sourceTree = BUILT_PRODUCTS_DIR; };
		CC4F79BE22BD4E9E00EA7B6F /* AppDelegate.swift */ = {isa = PBXFileReference; lastKnownFileType = sourcecode.swift; path = AppDelegate.swift; sourceTree = "<group>"; };
		CC4F79C022BD4E9E00EA7B6F /* ViewController.swift */ = {isa = PBXFileReference; lastKnownFileType = sourcecode.swift; path = ViewController.swift; sourceTree = "<group>"; };
		CC4F79C322BD4E9E00EA7B6F /* Base */ = {isa = PBXFileReference; lastKnownFileType = file.storyboard; name = Base; path = Base.lproj/Main.storyboard; sourceTree = "<group>"; };
		CC4F79C522BD4E9F00EA7B6F /* Assets.xcassets */ = {isa = PBXFileReference; lastKnownFileType = folder.assetcatalog; path = Assets.xcassets; sourceTree = "<group>"; };
		CC4F79C822BD4E9F00EA7B6F /* Base */ = {isa = PBXFileReference; lastKnownFileType = file.storyboard; name = Base; path = Base.lproj/LaunchScreen.storyboard; sourceTree = "<group>"; };
		CC4F79CA22BD4E9F00EA7B6F /* Info.plist */ = {isa = PBXFileReference; lastKnownFileType = text.plist.xml; path = Info.plist; sourceTree = "<group>"; };
		CC4F79CF22BD4E9F00EA7B6F /* test GithubTests.xctest */ = {isa = PBXFileReference; explicitFileType = wrapper.cfbundle; includeInIndex = 0; path = "test GithubTests.xctest"; sourceTree = BUILT_PRODUCTS_DIR; };
		CC4F79D322BD4E9F00EA7B6F /* test_GithubTests.swift */ = {isa = PBXFileReference; lastKnownFileType = sourcecode.swift; path = test_GithubTests.swift; sourceTree = "<group>"; };
		CC4F79D522BD4E9F00EA7B6F /* Info.plist */ = {isa = PBXFileReference; lastKnownFileType = text.plist.xml; path = Info.plist; sourceTree = "<group>"; };
		CC4F79DA22BD4E9F00EA7B6F /* test GithubUITests.xctest */ = {isa = PBXFileReference; explicitFileType = wrapper.cfbundle; includeInIndex = 0; path = "test GithubUITests.xctest"; sourceTree = BUILT_PRODUCTS_DIR; };
		CC4F79DE22BD4E9F00EA7B6F /* test_GithubUITests.swift */ = {isa = PBXFileReference; lastKnownFileType = sourcecode.swift; path = test_GithubUITests.swift; sourceTree = "<group>"; };
		CC4F79E022BD4E9F00EA7B6F /* Info.plist */ = {isa = PBXFileReference; lastKnownFileType = text.plist.xml; path = Info.plist; sourceTree = "<group>"; };
/* End PBXFileReference section */

/* Begin PBXFrameworksBuildPhase section */
		CC4F79B822BD4E9E00EA7B6F /* Frameworks */ = {
			isa = PBXFrameworksBuildPhase;
			buildActionMask = 2147483647;
			files = (
			);
			runOnlyForDeploymentPostprocessing = 0;
		};
		CC4F79CC22BD4E9F00EA7B6F /* Frameworks */ = {
			isa = PBXFrameworksBuildPhase;
			buildActionMask = 2147483647;
			files = (
			);
			runOnlyForDeploymentPostprocessing = 0;
		};
		CC4F79D722BD4E9F00EA7B6F /* Frameworks */ = {
			isa = PBXFrameworksBuildPhase;
			buildActionMask = 2147483647;
			files = (
			);
			runOnlyForDeploymentPostprocessing = 0;
		};
/* End PBXFrameworksBuildPhase section */

/* Begin PBXGroup section */
		CC4F79B222BD4E9E00EA7B6F = {
			isa = PBXGroup;
			children = (
				CC4F79BD22BD4E9E00EA7B6F /* test Github */,
				CC4F79D222BD4E9F00EA7B6F /* test GithubTests */,
				CC4F79DD22BD4E9F00EA7B6F /* test GithubUITests */,
				CC4F79BC22BD4E9E00EA7B6F /* Products */,
			);
			sourceTree = "<group>";
		};
		CC4F79BC22BD4E9E00EA7B6F /* Products */ = {
			isa = PBXGroup;
			children = (
				CC4F79BB22BD4E9E00EA7B6F /* test Github.app */,
				CC4F79CF22BD4E9F00EA7B6F /* test GithubTests.xctest */,
				CC4F79DA22BD4E9F00EA7B6F /* test GithubUITests.xctest */,
			);
			name = Products;
			sourceTree = "<group>";
		};
		CC4F79BD22BD4E9E00EA7B6F /* test Github */ = {
			isa = PBXGroup;
			children = (
				CC4F79BE22BD4E9E00EA7B6F /* AppDelegate.swift */,
				CC4F79C022BD4E9E00EA7B6F /* ViewController.swift */,
				CC4F79C222BD4E9E00EA7B6F /* Main.storyboard */,
				CC4F79C522BD4E9F00EA7B6F /* Assets.xcassets */,
				CC4F79C722BD4E9F00EA7B6F /* LaunchScreen.storyboard */,
				CC4F79CA22BD4E9F00EA7B6F /* Info.plist */,
			);
			path = "test Github";
			sourceTree = "<group>";
		};
		CC4F79D222BD4E9F00EA7B6F /* test GithubTests */ = {
			isa = PBXGroup;
			children = (
				CC4F79D322BD4E9F00EA7B6F /* test_GithubTests.swift */,
				CC4F79D522BD4E9F00EA7B6F /* Info.plist */,
			);
			path = "test GithubTests";
			sourceTree = "<group>";
		};
		CC4F79DD22BD4E9F00EA7B6F /* test GithubUITests */ = {
			isa = PBXGroup;
			children = (
				CC4F79DE22BD4E9F00EA7B6F /* test_GithubUITests.swift */,
				CC4F79E022BD4E9F00EA7B6F /* Info.plist */,
			);
			path = "test GithubUITests";
			sourceTree = "<group>";
		};
/* End PBXGroup section */

/* Begin PBXNativeTarget section */
		CC4F79BA22BD4E9E00EA7B6F /* test Github */ = {
			isa = PBXNativeTarget;
			buildConfigurationList = CC4F79E322BD4E9F00EA7B6F /* Build configuration list for PBXNativeTarget "test Github" */;
			buildPhases = (
				CC4F79B722BD4E9E00EA7B6F /* Sources */,
				CC4F79B822BD4E9E00EA7B6F /* Frameworks */,
				CC4F79B922BD4E9E00EA7B6F /* Resources */,
			);
			buildRules = (
			);
			dependencies = (
			);
			name = "test Github";
			productName = "test Github";
			productReference = CC4F79BB22BD4E9E00EA7B6F /* test Github.app */;
			productType = "com.apple.product-type.application";
		};
		CC4F79CE22BD4E9F00EA7B6F /* test GithubTests */ = {
			isa = PBXNativeTarget;
			buildConfigurationList = CC4F79E622BD4E9F00EA7B6F /* Build configuration list for PBXNativeTarget "test GithubTests" */;
			buildPhases = (
				CC4F79CB22BD4E9F00EA7B6F /* Sources */,
				CC4F79CC22BD4E9F00EA7B6F /* Frameworks */,
				CC4F79CD22BD4E9F00EA7B6F /* Resources */,
			);
			buildRules = (
			);
			dependencies = (
				CC4F79D122BD4E9F00EA7B6F /* PBXTargetDependency */,
			);
			name = "test GithubTests";
			productName = "test GithubTests";
			productReference = CC4F79CF22BD4E9F00EA7B6F /* test GithubTests.xctest */;
			productType = "com.apple.product-type.bundle.unit-test";
		};
		CC4F79D922BD4E9F00EA7B6F /* test GithubUITests */ = {
			isa = PBXNativeTarget;
			buildConfigurationList = CC4F79E922BD4E9F00EA7B6F /* Build configuration list for PBXNativeTarget "test GithubUITests" */;
			buildPhases = (
				CC4F79D622BD4E9F00EA7B6F /* Sources */,
				CC4F79D722BD4E9F00EA7B6F /* Frameworks */,
				CC4F79D822BD4E9F00EA7B6F /* Resources */,
			);
			buildRules = (
			);
			dependencies = (
				CC4F79DC22BD4E9F00EA7B6F /* PBXTargetDependency */,
			);
			name = "test GithubUITests";
			productName = "test GithubUITests";
			productReference = CC4F79DA22BD4E9F00EA7B6F /* test GithubUITests.xctest */;
			productType = "com.apple.product-type.bundle.ui-testing";
		};
/* End PBXNativeTarget section */

/* Begin PBXProject section */
		CC4F79B322BD4E9E00EA7B6F /* Project object */ = {
			isa = PBXProject;
			attributes = {
				LastSwiftUpdateCheck = 1020;
				LastUpgradeCheck = 1020;
				ORGANIZATIONNAME = "Omid Dadgar";
				TargetAttributes = {
					CC4F79BA22BD4E9E00EA7B6F = {
						CreatedOnToolsVersion = 10.2.1;
					};
					CC4F79CE22BD4E9F00EA7B6F = {
						CreatedOnToolsVersion = 10.2.1;
						TestTargetID = CC4F79BA22BD4E9E00EA7B6F;
					};
					CC4F79D922BD4E9F00EA7B6F = {
						CreatedOnToolsVersion = 10.2.1;
						TestTargetID = CC4F79BA22BD4E9E00EA7B6F;
					};
				};
			};
			buildConfigurationList = CC4F79B622BD4E9E00EA7B6F /* Build configuration list for PBXProject "test Github" */;
			compatibilityVersion = "Xcode 9.3";
			developmentRegion = en;
			hasScannedForEncodings = 0;
			knownRegions = (
				en,
				Base,
			);
			mainGroup = CC4F79B222BD4E9E00EA7B6F;
			productRefGroup = CC4F79BC22BD4E9E00EA7B6F /* Products */;
			projectDirPath = "";
			projectRoot = "";
			targets = (
				CC4F79BA22BD4E9E00EA7B6F /* test Github */,
				CC4F79CE22BD4E9F00EA7B6F /* test GithubTests */,
				CC4F79D922BD4E9F00EA7B6F /* test GithubUITests */,
			);
		};
/* End PBXProject section */

/* Begin PBXResourcesBuildPhase section */
		CC4F79B922BD4E9E00EA7B6F /* Resources */ = {
			isa = PBXResourcesBuildPhase;
			buildActionMask = 2147483647;
			files = (
				CC4F79C922BD4E9F00EA7B6F /* LaunchScreen.storyboard in Resources */,
				CC4F79C622BD4E9F00EA7B6F /* Assets.xcassets in Resources */,
				CC4F79C422BD4E9E00EA7B6F /* Main.storyboard in Resources */,
			);
			runOnlyForDeploymentPostprocessing = 0;
		};
		CC4F79CD22BD4E9F00EA7B6F /* Resources */ = {
			isa = PBXResourcesBuildPhase;
			buildActionMask = 2147483647;
			files = (
			);
			runOnlyForDeploymentPostprocessing = 0;
		};
		CC4F79D822BD4E9F00EA7B6F /* Resources */ = {
			isa = PBXResourcesBuildPhase;
			buildActionMask = 2147483647;
			files = (
			);
			runOnlyForDeploymentPostprocessing = 0;
		};
/* End PBXResourcesBuildPhase section */

/* Begin PBXSourcesBuildPhase section */
		CC4F79B722BD4E9E00EA7B6F /* Sources */ = {
			isa = PBXSourcesBuildPhase;
			buildActionMask = 2147483647;
			files = (
				CC4F79C122BD4E9E00EA7B6F /* ViewController.swift in Sources */,
				CC4F79BF22BD4E9E00EA7B6F /* AppDelegate.swift in Sources */,
			);
			runOnlyForDeploymentPostprocessing = 0;
		};
		CC4F79CB22BD4E9F00EA7B6F /* Sources */ = {
			isa = PBXSourcesBuildPhase;
			buildActionMask = 2147483647;
			files = (
				CC4F79D422BD4E9F00EA7B6F /* test_GithubTests.swift in Sources */,
			);
			runOnlyForDeploymentPostprocessing = 0;
		};
		CC4F79D622BD4E9F00EA7B6F /* Sources */ = {
			isa = PBXSourcesBuildPhase;
			buildActionMask = 2147483647;
			files = (
				CC4F79DF22BD4E9F00EA7B6F /* test_GithubUITests.swift in Sources */,
			);
			runOnlyForDeploymentPostprocessing = 0;
		};
/* End PBXSourcesBuildPhase section */

/* Begin PBXTargetDependency section */
		CC4F79D122BD4E9F00EA7B6F /* PBXTargetDependency */ = {
			isa = PBXTargetDependency;
			target = CC4F79BA22BD4E9E00EA7B6F /* test Github */;
			targetProxy = CC4F79D022BD4E9F00EA7B6F /* PBXContainerItemProxy */;
		};
		CC4F79DC22BD4E9F00EA7B6F /* PBXTargetDependency */ = {
			isa = PBXTargetDependency;
			target = CC4F79BA22BD4E9E00EA7B6F /* test Github */;
			targetProxy = CC4F79DB22BD4E9F00EA7B6F /* PBXContainerItemProxy */;
		};
/* End PBXTargetDependency section */

/* Begin PBXVariantGroup section */
		CC4F79C222BD4E9E00EA7B6F /* Main.storyboard */ = {
			isa = PBXVariantGroup;
			children = (
				CC4F79C322BD4E9E00EA7B6F /* Base */,
			);
			name = Main.storyboard;
			sourceTree = "<group>";
		};
		CC4F79C722BD4E9F00EA7B6F /* LaunchScreen.storyboard */ = {
			isa = PBXVariantGroup;
			children = (
				CC4F79C822BD4E9F00EA7B6F /* Base */,
			);
			name = LaunchScreen.storyboard;
			sourceTree = "<group>";
		};
/* End PBXVariantGroup section */

/* Begin XCBuildConfiguration section */
		CC4F79E122BD4E9F00EA7B6F /* Debug */ = {
			isa = XCBuildConfiguration;
			buildSettings = {
				ALWAYS_SEARCH_USER_PATHS = NO;
				CLANG_ANALYZER_NONNULL = YES;
				CLANG_ANALYZER_NUMBER_OBJECT_CONVERSION = YES_AGGRESSIVE;
				CLANG_CXX_LANGUAGE_STANDARD = "gnu++14";
				CLANG_CXX_LIBRARY = "libc++";
				CLANG_ENABLE_MODULES = YES;
				CLANG_ENABLE_OBJC_ARC = YES;
				CLANG_ENABLE_OBJC_WEAK = YES;
				CLANG_WARN_BLOCK_CAPTURE_AUTORELEASING = YES;
				CLANG_WARN_BOOL_CONVERSION = YES;
				CLANG_WARN_COMMA = YES;
				CLANG_WARN_CONSTANT_CONVERSION = YES;
				CLANG_WARN_DEPRECATED_OBJC_IMPLEMENTATIONS = YES;
				CLANG_WARN_DIRECT_OBJC_ISA_USAGE = YES_ERROR;
				CLANG_WARN_DOCUMENTATION_COMMENTS = YES;
				CLANG_WARN_EMPTY_BODY = YES;
				CLANG_WARN_ENUM_CONVERSION = YES;
				CLANG_WARN_INFINITE_RECURSION = YES;
				CLANG_WARN_INT_CONVERSION = YES;
				CLANG_WARN_NON_LITERAL_NULL_CONVERSION = YES;
				CLANG_WARN_OBJC_IMPLICIT_RETAIN_SELF = YES;
				CLANG_WARN_OBJC_LITERAL_CONVERSION = YES;
				CLANG_WARN_OBJC_ROOT_CLASS = YES_ERROR;
				CLANG_WARN_RANGE_LOOP_ANALYSIS = YES;
				CLANG_WARN_STRICT_PROTOTYPES = YES;
				CLANG_WARN_SUSPICIOUS_MOVE = YES;
				CLANG_WARN_UNGUARDED_AVAILABILITY = YES_AGGRESSIVE;
				CLANG_WARN_UNREACHABLE_CODE = YES;
				CLANG_WARN__DUPLICATE_METHOD_MATCH = YES;
				CODE_SIGN_IDENTITY = "iPhone Developer";
				COPY_PHASE_STRIP = NO;
				DEBUG_INFORMATION_FORMAT = dwarf;
				ENABLE_STRICT_OBJC_MSGSEND = YES;
				ENABLE_TESTABILITY = YES;
				GCC_C_LANGUAGE_STANDARD = gnu11;
				GCC_DYNAMIC_NO_PIC = NO;
				GCC_NO_COMMON_BLOCKS = YES;
				GCC_OPTIMIZATION_LEVEL = 0;
				GCC_PREPROCESSOR_DEFINITIONS = (
					"DEBUG=1",
					"$(inherited)",
				);
				GCC_WARN_64_TO_32_BIT_CONVERSION = YES;
				GCC_WARN_ABOUT_RETURN_TYPE = YES_ERROR;
				GCC_WARN_UNDECLARED_SELECTOR = YES;
				GCC_WARN_UNINITIALIZED_AUTOS = YES_AGGRESSIVE;
				GCC_WARN_UNUSED_FUNCTION = YES;
				GCC_WARN_UNUSED_VARIABLE = YES;
				IPHONEOS_DEPLOYMENT_TARGET = 12.2;
				MTL_ENABLE_DEBUG_INFO = INCLUDE_SOURCE;
				MTL_FAST_MATH = YES;
				ONLY_ACTIVE_ARCH = YES;
				SDKROOT = iphoneos;
				SWIFT_ACTIVE_COMPILATION_CONDITIONS = DEBUG;
				SWIFT_OPTIMIZATION_LEVEL = "-Onone";
			};
			name = Debug;
		};
		CC4F79E222BD4E9F00EA7B6F /* Release */ = {
			isa = XCBuildConfiguration;
			buildSettings = {
				ALWAYS_SEARCH_USER_PATHS = NO;
				CLANG_ANALYZER_NONNULL = YES;
				CLANG_ANALYZER_NUMBER_OBJECT_CONVERSION = YES_AGGRESSIVE;
				CLANG_CXX_LANGUAGE_STANDARD = "gnu++14";
				CLANG_CXX_LIBRARY = "libc++";
				CLANG_ENABLE_MODULES = YES;
				CLANG_ENABLE_OBJC_ARC = YES;
				CLANG_ENABLE_OBJC_WEAK = YES;
				CLANG_WARN_BLOCK_CAPTURE_AUTORELEASING = YES;
				CLANG_WARN_BOOL_CONVERSION = YES;
				CLANG_WARN_COMMA = YES;
				CLANG_WARN_CONSTANT_CONVERSION = YES;
				CLANG_WARN_DEPRECATED_OBJC_IMPLEMENTATIONS = YES;
				CLANG_WARN_DIRECT_OBJC_ISA_USAGE = YES_ERROR;
				CLANG_WARN_DOCUMENTATION_COMMENTS = YES;
				CLANG_WARN_EMPTY_BODY = YES;
				CLANG_WARN_ENUM_CONVERSION = YES;
				CLANG_WARN_INFINITE_RECURSION = YES;
				CLANG_WARN_INT_CONVERSION = YES;
				CLANG_WARN_NON_LITERAL_NULL_CONVERSION = YES;
				CLANG_WARN_OBJC_IMPLICIT_RETAIN_SELF = YES;
				CLANG_WARN_OBJC_LITERAL_CONVERSION = YES;
				CLANG_WARN_OBJC_ROOT_CLASS = YES_ERROR;
				CLANG_WARN_RANGE_LOOP_ANALYSIS = YES;
				CLANG_WARN_STRICT_PROTOTYPES = YES;
				CLANG_WARN_SUSPICIOUS_MOVE = YES;
				CLANG_WARN_UNGUARDED_AVAILABILITY = YES_AGGRESSIVE;
				CLANG_WARN_UNREACHABLE_CODE = YES;
				CLANG_WARN__DUPLICATE_METHOD_MATCH = YES;
				CODE_SIGN_IDENTITY = "iPhone Developer";
				COPY_PHASE_STRIP = NO;
				DEBUG_INFORMATION_FORMAT = "dwarf-with-dsym";
				ENABLE_NS_ASSERTIONS = NO;
				ENABLE_STRICT_OBJC_MSGSEND = YES;
				GCC_C_LANGUAGE_STANDARD = gnu11;
				GCC_NO_COMMON_BLOCKS = YES;
				GCC_WARN_64_TO_32_BIT_CONVERSION = YES;
				GCC_WARN_ABOUT_RETURN_TYPE = YES_ERROR;
				GCC_WARN_UNDECLARED_SELECTOR = YES;
				GCC_WARN_UNINITIALIZED_AUTOS = YES_AGGRESSIVE;
				GCC_WARN_UNUSED_FUNCTION = YES;
				GCC_WARN_UNUSED_VARIABLE = YES;
				IPHONEOS_DEPLOYMENT_TARGET = 12.2;
				MTL_ENABLE_DEBUG_INFO = NO;
				MTL_FAST_MATH = YES;
				SDKROOT = iphoneos;
				SWIFT_COMPILATION_MODE = wholemodule;
				SWIFT_OPTIMIZATION_LEVEL = "-O";
				VALIDATE_PRODUCT = YES;
			};
			name = Release;
		};
		CC4F79E422BD4E9F00EA7B6F /* Debug */ = {
			isa = XCBuildConfiguration;
			buildSettings = {
				ASSETCATALOG_COMPILER_APPICON_NAME = AppIcon;
				CODE_SIGN_STYLE = Automatic;
				DEVELOPMENT_TEAM = YHYDR7SV95;
				INFOPLIST_FILE = "test Github/Info.plist";
				LD_RUNPATH_SEARCH_PATHS = (
					"$(inherited)",
					"@executable_path/Frameworks",
				);
				PRODUCT_BUNDLE_IDENTIFIER = "com.fitnessintl.test-Github";
				PRODUCT_NAME = "$(TARGET_NAME)";
				SWIFT_VERSION = 5.0;
				TARGETED_DEVICE_FAMILY = "1,2";
			};
			name = Debug;
		};
		CC4F79E522BD4E9F00EA7B6F /* Release */ = {
			isa = XCBuildConfiguration;
			buildSettings = {
				ASSETCATALOG_COMPILER_APPICON_NAME = AppIcon;
				CODE_SIGN_STYLE = Automatic;
				DEVELOPMENT_TEAM = YHYDR7SV95;
				INFOPLIST_FILE = "test Github/Info.plist";
				LD_RUNPATH_SEARCH_PATHS = (
					"$(inherited)",
					"@executable_path/Frameworks",
				);
				PRODUCT_BUNDLE_IDENTIFIER = "com.fitnessintl.test-Github";
				PRODUCT_NAME = "$(TARGET_NAME)";
				SWIFT_VERSION = 5.0;
				TARGETED_DEVICE_FAMILY = "1,2";
			};
			name = Release;
		};
		CC4F79E722BD4E9F00EA7B6F /* Debug */ = {
			isa = XCBuildConfiguration;
			buildSettings = {
				ALWAYS_EMBED_SWIFT_STANDARD_LIBRARIES = YES;
				BUNDLE_LOADER = "$(TEST_HOST)";
				CODE_SIGN_STYLE = Automatic;
				INFOPLIST_FILE = "test GithubTests/Info.plist";
				LD_RUNPATH_SEARCH_PATHS = (
					"$(inherited)",
					"@executable_path/Frameworks",
					"@loader_path/Frameworks",
				);
				PRODUCT_BUNDLE_IDENTIFIER = "com.fitnessintl.test-GithubTests";
				PRODUCT_NAME = "$(TARGET_NAME)";
				SWIFT_VERSION = 5.0;
				TARGETED_DEVICE_FAMILY = "1,2";
				TEST_HOST = "$(BUILT_PRODUCTS_DIR)/test Github.app/test Github";
			};
			name = Debug;
		};
		CC4F79E822BD4E9F00EA7B6F /* Release */ = {
			isa = XCBuildConfiguration;
			buildSettings = {
				ALWAYS_EMBED_SWIFT_STANDARD_LIBRARIES = YES;
				BUNDLE_LOADER = "$(TEST_HOST)";
				CODE_SIGN_STYLE = Automatic;
				INFOPLIST_FILE = "test GithubTests/Info.plist";
				LD_RUNPATH_SEARCH_PATHS = (
					"$(inherited)",
					"@executable_path/Frameworks",
					"@loader_path/Frameworks",
				);
				PRODUCT_BUNDLE_IDENTIFIER = "com.fitnessintl.test-GithubTests";
				PRODUCT_NAME = "$(TARGET_NAME)";
				SWIFT_VERSION = 5.0;
				TARGETED_DEVICE_FAMILY = "1,2";
				TEST_HOST = "$(BUILT_PRODUCTS_DIR)/test Github.app/test Github";
			};
			name = Release;
		};
		CC4F79EA22BD4E9F00EA7B6F /* Debug */ = {
			isa = XCBuildConfiguration;
			buildSettings = {
				ALWAYS_EMBED_SWIFT_STANDARD_LIBRARIES = YES;
				CODE_SIGN_STYLE = Automatic;
				INFOPLIST_FILE = "test GithubUITests/Info.plist";
				LD_RUNPATH_SEARCH_PATHS = (
					"$(inherited)",
					"@executable_path/Frameworks",
					"@loader_path/Frameworks",
				);
				PRODUCT_BUNDLE_IDENTIFIER = "com.fitnessintl.test-GithubUITests";
				PRODUCT_NAME = "$(TARGET_NAME)";
				SWIFT_VERSION = 5.0;
				TARGETED_DEVICE_FAMILY = "1,2";
				TEST_TARGET_NAME = "test Github";
			};
			name = Debug;
		};
		CC4F79EB22BD4E9F00EA7B6F /* Release */ = {
			isa = XCBuildConfiguration;
			buildSettings = {
				ALWAYS_EMBED_SWIFT_STANDARD_LIBRARIES = YES;
				CODE_SIGN_STYLE = Automatic;
				INFOPLIST_FILE = "test GithubUITests/Info.plist";
				LD_RUNPATH_SEARCH_PATHS = (
					"$(inherited)",
					"@executable_path/Frameworks",
					"@loader_path/Frameworks",
				);
				PRODUCT_BUNDLE_IDENTIFIER = "com.fitnessintl.test-GithubUITests";
				PRODUCT_NAME = "$(TARGET_NAME)";
				SWIFT_VERSION = 5.0;
				TARGETED_DEVICE_FAMILY = "1,2";
				TEST_TARGET_NAME = "test Github";
			};
			name = Release;
		};
/* End XCBuildConfiguration section */

/* Begin XCConfigurationList section */
		CC4F79B622BD4E9E00EA7B6F /* Build configuration list for PBXProject "test Github" */ = {
			isa = XCConfigurationList;
			buildConfigurations = (
				CC4F79E122BD4E9F00EA7B6F /* Debug */,
				CC4F79E222BD4E9F00EA7B6F /* Release */,
			);
			defaultConfigurationIsVisible = 0;
			defaultConfigurationName = Release;
		};
		CC4F79E322BD4E9F00EA7B6F /* Build configuration list for PBXNativeTarget "test Github" */ = {
			isa = XCConfigurationList;
			buildConfigurations = (
				CC4F79E422BD4E9F00EA7B6F /* Debug */,
				CC4F79E522BD4E9F00EA7B6F /* Release */,
			);
			defaultConfigurationIsVisible = 0;
			defaultConfigurationName = Release;
		};
		CC4F79E622BD4E9F00EA7B6F /* Build configuration list for PBXNativeTarget "test GithubTests" */ = {
			isa = XCConfigurationList;
			buildConfigurations = (
				CC4F79E722BD4E9F00EA7B6F /* Debug */,
				CC4F79E822BD4E9F00EA7B6F /* Release */,
			);
			defaultConfigurationIsVisible = 0;
			defaultConfigurationName = Release;
		};
		CC4F79E922BD4E9F00EA7B6F /* Build configuration list for PBXNativeTarget "test GithubUITests" */ = {
			isa = XCConfigurationList;
			buildConfigurations = (
				CC4F79EA22BD4E9F00EA7B6F /* Debug */,
				CC4F79EB22BD4E9F00EA7B6F /* Release */,
			);
			defaultConfigurationIsVisible = 0;
			defaultConfigurationName = Release;
		};
/* End XCConfigurationList section */
	};
	rootObject = CC4F79B322BD4E9E00EA7B6F /* Project object */;
}
